
Microsoft Visual Studio Solution File, Format Version 12.00
# Visual Studio 14
VisualStudioVersion = 14.0.25420.1
MinimumVisualStudioVersion = 10.0.40219.1
Project("{FAE04EC0-301F-11D3-BF4B-00C04F79EFBC}") = "EQRSWin", "EQRSWin\EQRSWin.csproj", "{62E72493-BF3A-4913-8401-C9092F4F239A}"
EndProject
Project("{FAE04EC0-301F-11D3-BF4B-00C04F79EFBC}") = "DeleteLaterTest", "DeleteLaterTest\DeleteLaterTest.csproj", "{7451B67A-4787-47DC-A8D8-8D41F58FC464}"
EndProject
Global
	GlobalSection(SolutionConfigurationPlatforms) = preSolution
		Debug|Any CPU = Debug|Any CPU
		Release|Any CPU = Release|Any CPU
	EndGlobalSection
	GlobalSection(ProjectConfigurationPlatforms) = postSolution
		{62E72493-BF3A-4913-8401-C9092F4F239A}.Debug|Any CPU.ActiveCfg = Debug|Any CPU
		{62E72493-BF3A-4913-8401-C9092F4F239A}.Debug|Any CPU.Build.0 = Debug|Any CPU
		{62E72493-BF3A-4913-8401-C9092F4F239A}.Release|Any CPU.ActiveCfg = Release|Any CPU
		{62E72493-BF3A-4913-8401-C9092F4F239A}.Release|Any CPU.Build.0 = Release|Any CPU
		{7451B67A-4787-47DC-A8D8-8D41F58FC464}.Debug|Any CPU.ActiveCfg = Debug|Any CPU
		{7451B67A-4787-47DC-A8D8-8D41F58FC464}.Debug|Any CPU.Build.0 = Debug|Any CPU
		{7451B67A-4787-47DC-A8D8-8D41F58FC464}.Release|Any CPU.ActiveCfg = Release|Any CPU
		{7451B67A-4787-47DC-A8D8-8D41F58FC464}.Release|Any CPU.Build.0 = Release|Any CPU
	EndGlobalSection
	GlobalSection(SolutionProperties) = preSolution
		HideSolutionNode = FALSE
	EndGlobalSection
EndGlobal
